
Microsoft Visual Studio Solution File, Format Version 12.00
# Visual Studio Version 16
VisualStudioVersion = 16.0.30611.23
MinimumVisualStudioVersion = 10.0.40219.1
Project("{FAE04EC0-301F-11D3-BF4B-00C04F79EFBC}") = "AmicaRent.Web", "AmicaRent.Web\AmicaRent.Web.csproj", "{2AD3ACB9-AE01-4AA2-8B82-A06137109700}"
EndProject
Project("{FAE04EC0-301F-11D3-BF4B-00C04F79EFBC}") = "AmicaRent.DataAccess", "AmicaRent.DataAccess\AmicaRent.DataAccess.csproj", "{4988F956-2170-44A3-B9A2-98FCD29A3BFC}"
EndProject
Global
	GlobalSection(SolutionConfigurationPlatforms) = preSolution
		Debug|Any CPU = Debug|Any CPU
		Release|Any CPU = Release|Any CPU
	EndGlobalSection
	GlobalSection(ProjectConfigurationPlatforms) = postSolution
		{2AD3ACB9-AE01-4AA2-8B82-A06137109700}.Debug|Any CPU.ActiveCfg = Debug|Any CPU
		{2AD3ACB9-AE01-4AA2-8B82-A06137109700}.Debug|Any CPU.Build.0 = Debug|Any CPU
		{2AD3ACB9-AE01-4AA2-8B82-A06137109700}.Release|Any CPU.ActiveCfg = Release|Any CPU
		{2AD3ACB9-AE01-4AA2-8B82-A06137109700}.Release|Any CPU.Build.0 = Release|Any CPU
		{4988F956-2170-44A3-B9A2-98FCD29A3BFC}.Debug|Any CPU.ActiveCfg = Debug|Any CPU
		{4988F956-2170-44A3-B9A2-98FCD29A3BFC}.Debug|Any CPU.Build.0 = Debug|Any CPU
		{4988F956-2170-44A3-B9A2-98FCD29A3BFC}.Release|Any CPU.ActiveCfg = Release|Any CPU
		{4988F956-2170-44A3-B9A2-98FCD29A3BFC}.Release|Any CPU.Build.0 = Release|Any CPU
	EndGlobalSection
	GlobalSection(SolutionProperties) = preSolution
		HideSolutionNode = FALSE
	EndGlobalSection
	GlobalSection(ExtensibilityGlobals) = postSolution
		SolutionGuid = {6153113A-A547-4127-93CE-FD328CFAC909}
	EndGlobalSection
EndGlobal
